// !$*UTF8*$!
{
	archiveVersion = 1;
	classes = {
	};
	objectVersion = 46;
	objects = {

/* Begin PBXBuildFile section */
		FC1954111DFBF72C00C13EBC /* AppDelegate.swift in Sources */ = {isa = PBXBuildFile; fileRef = FC1954101DFBF72C00C13EBC /* AppDelegate.swift */; };
		FC1954131DFBF72C00C13EBC /* ViewController.swift in Sources */ = {isa = PBXBuildFile; fileRef = FC1954121DFBF72C00C13EBC /* ViewController.swift */; };
		FC1954161DFBF72C00C13EBC /* Main.storyboard in Resources */ = {isa = PBXBuildFile; fileRef = FC1954141DFBF72C00C13EBC /* Main.storyboard */; };
		FC1954181DFBF72C00C13EBC /* Assets.xcassets in Resources */ = {isa = PBXBuildFile; fileRef = FC1954171DFBF72C00C13EBC /* Assets.xcassets */; };
		FC19541B1DFBF72C00C13EBC /* LaunchScreen.storyboard in Resources */ = {isa = PBXBuildFile; fileRef = FC1954191DFBF72C00C13EBC /* LaunchScreen.storyboard */; };
/* End PBXBuildFile section */

/* Begin PBXFileReference section */
		FC19540D1DFBF72C00C13EBC /* Table View Intro.app */ = {isa = PBXFileReference; explicitFileType = wrapper.application; includeInIndex = 0; path = "Table View Intro.app"; sourceTree = BUILT_PRODUCTS_DIR; };
		FC1954101DFBF72C00C13EBC /* AppDelegate.swift */ = {isa = PBXFileReference; lastKnownFileType = sourcecode.swift; path = AppDelegate.swift; sourceTree = "<group>"; };
		FC1954121DFBF72C00C13EBC /* ViewController.swift */ = {isa = PBXFileReference; lastKnownFileType = sourcecode.swift; path = ViewController.swift; sourceTree = "<group>"; };
		FC1954151DFBF72C00C13EBC /* Base */ = {isa = PBXFileReference; lastKnownFileType = file.storyboard; name = Base; path = Base.lproj/Main.storyboard; sourceTree = "<group>"; };
		FC1954171DFBF72C00C13EBC /* Assets.xcassets */ = {isa = PBXFileReference; lastKnownFileType = folder.assetcatalog; path = Assets.xcassets; sourceTree = "<group>"; };
		FC19541A1DFBF72C00C13EBC /* Base */ = {isa = PBXFileReference; lastKnownFileType = file.storyboard; name = Base; path = Base.lproj/LaunchScreen.storyboard; sourceTree = "<group>"; };
		FC19541C1DFBF72C00C13EBC /* Info.plist */ = {isa = PBXFileReference; lastKnownFileType = text.plist.xml; path = Info.plist; sourceTree = "<group>"; };
/* End PBXFileReference section */

/* Begin PBXFrameworksBuildPhase section */
		FC19540A1DFBF72C00C13EBC /* Frameworks */ = {
			isa = PBXFrameworksBuildPhase;
			buildActionMask = 2147483647;
			files = (
			);
			runOnlyForDeploymentPostprocessing = 0;
		};
/* End PBXFrameworksBuildPhase section */

/* Begin PBXGroup section */
		FC1954041DFBF72B00C13EBC = {
			isa = PBXGroup;
			children = (
				FC19540F1DFBF72C00C13EBC /* Table View Intro */,
				FC19540E1DFBF72C00C13EBC /* Products */,
			);
			sourceTree = "<group>";
		};
		FC19540E1DFBF72C00C13EBC /* Products */ = {
			isa = PBXGroup;
			children = (
				FC19540D1DFBF72C00C13EBC /* Table View Intro.app */,
			);
			name = Products;
			sourceTree = "<group>";
		};
		FC19540F1DFBF72C00C13EBC /* Table View Intro */ = {
			isa = PBXGroup;
			children = (
				FC1954101DFBF72C00C13EBC /* AppDelegate.swift */,
				FC1954121DFBF72C00C13EBC /* ViewController.swift */,
				FC1954141DFBF72C00C13EBC /* Main.storyboard */,
				FC1954171DFBF72C00C13EBC /* Assets.xcassets */,
				FC1954191DFBF72C00C13EBC /* LaunchScreen.storyboard */,
				FC19541C1DFBF72C00C13EBC /* Info.plist */,
			);
			path = "Table View Intro";
			sourceTree = "<group>";
		};
/* End PBXGroup section */

/* Begin PBXNativeTarget section */
		FC19540C1DFBF72C00C13EBC /* Table View Intro */ = {
			isa = PBXNativeTarget;
			buildConfigurationList = FC19541F1DFBF72C00C13EBC /* Build configuration list for PBXNativeTarget "Table View Intro" */;
			buildPhases = (
				FC1954091DFBF72C00C13EBC /* Sources */,
				FC19540A1DFBF72C00C13EBC /* Frameworks */,
				FC19540B1DFBF72C00C13EBC /* Resources */,
			);
			buildRules = (
			);
			dependencies = (
			);
			name = "Table View Intro";
			productName = "Table View Intro";
			productReference = FC19540D1DFBF72C00C13EBC /* Table View Intro.app */;
			productType = "com.apple.product-type.application";
		};
/* End PBXNativeTarget section */

/* Begin PBXProject section */
		FC1954051DFBF72B00C13EBC /* Project object */ = {
			isa = PBXProject;
			attributes = {
				LastSwiftUpdateCheck = 0810;
				LastUpgradeCheck = 0810;
				ORGANIZATIONNAME = "Atıl Samancıoğlu";
				TargetAttributes = {
					FC19540C1DFBF72C00C13EBC = {
						CreatedOnToolsVersion = 8.1;
						DevelopmentTeam = 7CZ8CAJJXF;
						ProvisioningStyle = Automatic;
					};
				};
			};
			buildConfigurationList = FC1954081DFBF72B00C13EBC /* Build configuration list for PBXProject "Table View Intro" */;
			compatibilityVersion = "Xcode 3.2";
			developmentRegion = English;
			hasScannedForEncodings = 0;
			knownRegions = (
				en,
				Base,
			);
			mainGroup = FC1954041DFBF72B00C13EBC;
			productRefGroup = FC19540E1DFBF72C00C13EBC /* Products */;
			projectDirPath = "";
			projectRoot = "";
			targets = (
				FC19540C1DFBF72C00C13EBC /* Table View Intro */,
			);
		};
/* End PBXProject section */

/* Begin PBXResourcesBuildPhase section */
		FC19540B1DFBF72C00C13EBC /* Resources */ = {
			isa = PBXResourcesBuildPhase;
			buildActionMask = 2147483647;
			files = (
				FC19541B1DFBF72C00C13EBC /* LaunchScreen.storyboard in Resources */,
				FC1954181DFBF72C00C13EBC /* Assets.xcassets in Resources */,
				FC1954161DFBF72C00C13EBC /* Main.storyboard in Resources */,
			);
			runOnlyForDeploymentPostprocessing = 0;
		};
/* End PBXResourcesBuildPhase section */

/* Begin PBXSourcesBuildPhase section */
		FC1954091DFBF72C00C13EBC /* Sources */ = {
			isa = PBXSourcesBuildPhase;
			buildActionMask = 2147483647;
			files = (
				FC1954131DFBF72C00C13EBC /* ViewController.swift in Sources */,
				FC1954111DFBF72C00C13EBC /* AppDelegate.swift in Sources */,
			);
			runOnlyForDeploymentPostprocessing = 0;
		};
/* End PBXSourcesBuildPhase section */

/* Begin PBXVariantGroup section */
		FC1954141DFBF72C00C13EBC /* Main.storyboard */ = {
			isa = PBXVariantGroup;
			children = (
				FC1954151DFBF72C00C13EBC /* Base */,
			);
			name = Main.storyboard;
			sourceTree = "<group>";
		};
		FC1954191DFBF72C00C13EBC /* LaunchScreen.storyboard */ = {
			isa = PBXVariantGroup;
			children = (
				FC19541A1DFBF72C00C13EBC /* Base */,
			);
			name = LaunchScreen.storyboard;
			sourceTree = "<group>";
		};
/* End PBXVariantGroup section */

/* Begin XCBuildConfiguration section */
		FC19541D1DFBF72C00C13EBC /* Debug */ = {
			isa = XCBuildConfiguration;
			buildSettings = {
				ALWAYS_SEARCH_USER_PATHS = NO;
				CLANG_ANALYZER_NONNULL = YES;
				CLANG_CXX_LANGUAGE_STANDARD = "gnu++0x";
				CLANG_CXX_LIBRARY = "libc++";
				CLANG_ENABLE_MODULES = YES;
				CLANG_ENABLE_OBJC_ARC = YES;
				CLANG_WARN_BOOL_CONVERSION = YES;
				CLANG_WARN_CONSTANT_CONVERSION = YES;
				CLANG_WARN_DIRECT_OBJC_ISA_USAGE = YES_ERROR;
				CLANG_WARN_DOCUMENTATION_COMMENTS = YES;
				CLANG_WARN_EMPTY_BODY = YES;
				CLANG_WARN_ENUM_CONVERSION = YES;
				CLANG_WARN_INFINITE_RECURSION = YES;
				CLANG_WARN_INT_CONVERSION = YES;
				CLANG_WARN_OBJC_ROOT_CLASS = YES_ERROR;
				CLANG_WARN_SUSPICIOUS_MOVES = YES;
				CLANG_WARN_UNREACHABLE_CODE = YES;
				CLANG_WARN__DUPLICATE_METHOD_MATCH = YES;
				"CODE_SIGN_IDENTITY[sdk=iphoneos*]" = "iPhone Developer";
				COPY_PHASE_STRIP = NO;
				DEBUG_INFORMATION_FORMAT = dwarf;
				ENABLE_STRICT_OBJC_MSGSEND = YES;
				ENABLE_TESTABILITY = YES;
				GCC_C_LANGUAGE_STANDARD = gnu99;
				GCC_DYNAMIC_NO_PIC = NO;
				GCC_NO_COMMON_BLOCKS = YES;
				GCC_OPTIMIZATION_LEVEL = 0;
				GCC_PREPROCESSOR_DEFINITIONS = (
					"DEBUG=1",
					"$(inherited)",
				);
				GCC_WARN_64_TO_32_BIT_CONVERSION = YES;
				GCC_WARN_ABOUT_RETURN_TYPE = YES_ERROR;
				GCC_WARN_UNDECLARED_SELECTOR = YES;
				GCC_WARN_UNINITIALIZED_AUTOS = YES_AGGRESSIVE;
				GCC_WARN_UNUSED_FUNCTION = YES;
				GCC_WARN_UNUSED_VARIABLE = YES;
				IPHONEOS_DEPLOYMENT_TARGET = 10.1;
				MTL_ENABLE_DEBUG_INFO = YES;
				ONLY_ACTIVE_ARCH = YES;
				SDKROOT = iphoneos;
				SWIFT_ACTIVE_COMPILATION_CONDITIONS = DEBUG;
				SWIFT_OPTIMIZATION_LEVEL = "-Onone";
				TARGETED_DEVICE_FAMILY = "1,2";
			};
			name = Debug;
		};
		FC19541E1DFBF72C00C13EBC /* Release */ = {
			isa = XCBuildConfiguration;
			buildSettings = {
				ALWAYS_SEARCH_USER_PATHS = NO;
				CLANG_ANALYZER_NONNULL = YES;
				CLANG_CXX_LANGUAGE_STANDARD = "gnu++0x";
				CLANG_CXX_LIBRARY = "libc++";
				CLANG_ENABLE_MODULES = YES;
				CLANG_ENABLE_OBJC_ARC = YES;
				CLANG_WARN_BOOL_CONVERSION = YES;
				CLANG_WARN_CONSTANT_CONVERSION = YES;
				CLANG_WARN_DIRECT_OBJC_ISA_USAGE = YES_ERROR;
				CLANG_WARN_DOCUMENTATION_COMMENTS = YES;
				CLANG_WARN_EMPTY_BODY = YES;
				CLANG_WARN_ENUM_CONVERSION = YES;
				CLANG_WARN_INFINITE_RECURSION = YES;
				CLANG_WARN_INT_CONVERSION = YES;
				CLANG_WARN_OBJC_ROOT_CLASS = YES_ERROR;
				CLANG_WARN_SUSPICIOUS_MOVES = YES;
				CLANG_WARN_UNREACHABLE_CODE = YES;
				CLANG_WARN__DUPLICATE_METHOD_MATCH = YES;
				"CODE_SIGN_IDENTITY[sdk=iphoneos*]" = "iPhone Developer";
				COPY_PHASE_STRIP = NO;
				DEBUG_INFORMATION_FORMAT = "dwarf-with-dsym";
				ENABLE_NS_ASSERTIONS = NO;
				ENABLE_STRICT_OBJC_MSGSEND = YES;
				GCC_C_LANGUAGE_STANDARD = gnu99;
				GCC_NO_COMMON_BLOCKS = YES;
				GCC_WARN_64_TO_32_BIT_CONVERSION = YES;
				GCC_WARN_ABOUT_RETURN_TYPE = YES_ERROR;
				GCC_WARN_UNDECLARED_SELECTOR = YES;
				GCC_WARN_UNINITIALIZED_AUTOS = YES_AGGRESSIVE;
				GCC_WARN_UNUSED_FUNCTION = YES;
				GCC_WARN_UNUSED_VARIABLE = YES;
				IPHONEOS_DEPLOYMENT_TARGET = 10.1;
				MTL_ENABLE_DEBUG_INFO = NO;
				SDKROOT = iphoneos;
				SWIFT_OPTIMIZATION_LEVEL = "-Owholemodule";
				TARGETED_DEVICE_FAMILY = "1,2";
				VALIDATE_PRODUCT = YES;
			};
			name = Release;
		};
		FC1954201DFBF72C00C13EBC /* Debug */ = {
			isa = XCBuildConfiguration;
			buildSettings = {
				ASSETCATALOG_COMPILER_APPICON_NAME = AppIcon;
				DEVELOPMENT_TEAM = 7CZ8CAJJXF;
				INFOPLIST_FILE = "Table View Intro/Info.plist";
				LD_RUNPATH_SEARCH_PATHS = "$(inherited) @executable_path/Frameworks";
				PRODUCT_BUNDLE_IDENTIFIER = "com.atilsamancioglu.Table-View-Intro";
				PRODUCT_NAME = "$(TARGET_NAME)";
				SWIFT_VERSION = 3.0;
			};
			name = Debug;
		};
		FC1954211DFBF72C00C13EBC /* Release */ = {
			isa = XCBuildConfiguration;
			buildSettings = {
				ASSETCATALOG_COMPILER_APPICON_NAME = AppIcon;
				DEVELOPMENT_TEAM = 7CZ8CAJJXF;
				INFOPLIST_FILE = "Table View Intro/Info.plist";
				LD_RUNPATH_SEARCH_PATHS = "$(inherited) @executable_path/Frameworks";
				PRODUCT_BUNDLE_IDENTIFIER = "com.atilsamancioglu.Table-View-Intro";
				PRODUCT_NAME = "$(TARGET_NAME)";
				SWIFT_VERSION = 3.0;
			};
			name = Release;
		};
/* End XCBuildConfiguration section */

/* Begin XCConfigurationList section */
		FC1954081DFBF72B00C13EBC /* Build configuration list for PBXProject "Table View Intro" */ = {
			isa = XCConfigurationList;
			buildConfigurations = (
				FC19541D1DFBF72C00C13EBC /* Debug */,
				FC19541E1DFBF72C00C13EBC /* Release */,
			);
			defaultConfigurationIsVisible = 0;
			defaultConfigurationName = Release;
		};
		FC19541F1DFBF72C00C13EBC /* Build configuration list for PBXNativeTarget "Table View Intro" */ = {
			isa = XCConfigurationList;
			buildConfigurations = (
				FC1954201DFBF72C00C13EBC /* Debug */,
				FC1954211DFBF72C00C13EBC /* Release */,
			);
			defaultConfigurationIsVisible = 0;
		};
/* End XCConfigurationList section */
	};
	rootObject = FC1954051DFBF72B00C13EBC /* Project object */;
}
